
Microsoft Visual Studio Solution File, Format Version 12.00
# Visual Studio Version 16
VisualStudioVersion = 16.0.31424.327
MinimumVisualStudioVersion = 10.0.40219.1
Project("{FAE04EC0-301F-11D3-BF4B-00C04F79EFBC}") = "QuanLySach", "QuanLySach\QuanLySach.csproj", "{3562EACC-FB90-470D-89F1-3049C86EC7B1}"
EndProject
Global
	GlobalSection(SolutionConfigurationPlatforms) = preSolution
		Debug|Any CPU = Debug|Any CPU
		Release|Any CPU = Release|Any CPU
	EndGlobalSection
	GlobalSection(ProjectConfigurationPlatforms) = postSolution
		{3562EACC-FB90-470D-89F1-3049C86EC7B1}.Debug|Any CPU.ActiveCfg = Debug|Any CPU
		{3562EACC-FB90-470D-89F1-3049C86EC7B1}.Debug|Any CPU.Build.0 = Debug|Any CPU
		{3562EACC-FB90-470D-89F1-3049C86EC7B1}.Release|Any CPU.ActiveCfg = Release|Any CPU
		{3562EACC-FB90-470D-89F1-3049C86EC7B1}.Release|Any CPU.Build.0 = Release|Any CPU
	EndGlobalSection
	GlobalSection(SolutionProperties) = preSolution
		HideSolutionNode = FALSE
	EndGlobalSection
	GlobalSection(ExtensibilityGlobals) = postSolution
		SolutionGuid = {714CA34E-72FF-4036-AE1B-4FE3D893ABEF}
	EndGlobalSection
EndGlobal
